// !$*UTF8*$!
{
	archiveVersion = 1;
	classes = {
	};
	objectVersion = 46;
	objects = {

/* Begin PBXBuildFile section */
		9310CCF3205F4C2C0061E261 /* UIView+Addtions.m in Sources */ = {isa = PBXBuildFile; fileRef = 9310CCF1205F4C2C0061E261 /* UIView+Addtions.m */; };
		93291090207B81FC00C11B01 /* libcocos2d iOS.a in Frameworks */ = {isa = PBXBuildFile; fileRef = 9329108B207B81E700C11B01 /* libcocos2d iOS.a */; };
		93291092207B82AD00C11B01 /* OpenAL.framework in Frameworks */ = {isa = PBXBuildFile; fileRef = 93291091207B82AD00C11B01 /* OpenAL.framework */; };
		93291094207B832200C11B01 /* CoreMotion.framework in Frameworks */ = {isa = PBXBuildFile; fileRef = 93291093207B832200C11B01 /* CoreMotion.framework */; };
		93291096207B88AF00C11B01 /* libz.tbd in Frameworks */ = {isa = PBXBuildFile; fileRef = 93291095207B88AF00C11B01 /* libz.tbd */; };
		93291098207B88D900C11B01 /* libiconv.tbd in Frameworks */ = {isa = PBXBuildFile; fileRef = 93291097207B88D900C11B01 /* libiconv.tbd */; };
		93560816185DFA7E0020ACDB /* Foundation.framework in Frameworks */ = {isa = PBXBuildFile; fileRef = 93560815185DFA7E0020ACDB /* Foundation.framework */; };
		93560818185DFA7E0020ACDB /* CoreGraphics.framework in Frameworks */ = {isa = PBXBuildFile; fileRef = 93560817185DFA7E0020ACDB /* CoreGraphics.framework */; };
		9356081A185DFA7E0020ACDB /* UIKit.framework in Frameworks */ = {isa = PBXBuildFile; fileRef = 93560819185DFA7E0020ACDB /* UIKit.framework */; };
		93560820185DFA7E0020ACDB /* InfoPlist.strings in Resources */ = {isa = PBXBuildFile; fileRef = 9356081E185DFA7E0020ACDB /* InfoPlist.strings */; };
		93560822185DFA7E0020ACDB /* main.m in Sources */ = {isa = PBXBuildFile; fileRef = 93560821185DFA7E0020ACDB /* main.m */; };
		93560826185DFA7E0020ACDB /* AppDelegate.m in Sources */ = {isa = PBXBuildFile; fileRef = 93560825185DFA7E0020ACDB /* AppDelegate.m */; };
		9356082C185DFA7E0020ACDB /* ViewController.mm in Sources */ = {isa = PBXBuildFile; fileRef = 9356082B185DFA7E0020ACDB /* ViewController.mm */; };
		9356082E185DFA7E0020ACDB /* Images.xcassets in Resources */ = {isa = PBXBuildFile; fileRef = 9356082D185DFA7E0020ACDB /* Images.xcassets */; };
		939BA882206A54A7006357EA /* AgoraAudioKit.framework in Frameworks */ = {isa = PBXBuildFile; fileRef = 939BA881206A54A7006357EA /* AgoraAudioKit.framework */; };
		939BA884206A54C8006357EA /* SystemConfiguration.framework in Frameworks */ = {isa = PBXBuildFile; fileRef = 939BA883206A54C8006357EA /* SystemConfiguration.framework */; };
		939BA886206A54D0006357EA /* CoreMedia.framework in Frameworks */ = {isa = PBXBuildFile; fileRef = 939BA885206A54D0006357EA /* CoreMedia.framework */; };
		939BA888206A54DA006357EA /* libresolv.tbd in Frameworks */ = {isa = PBXBuildFile; fileRef = 939BA887206A54DA006357EA /* libresolv.tbd */; };
		939BA88A206A54E4006357EA /* CoreTelephony.framework in Frameworks */ = {isa = PBXBuildFile; fileRef = 939BA889206A54E4006357EA /* CoreTelephony.framework */; };
		939BA88C206A54EB006357EA /* AVFoundation.framework in Frameworks */ = {isa = PBXBuildFile; fileRef = 939BA88B206A54EB006357EA /* AVFoundation.framework */; };
		939BA88E206A54F5006357EA /* AudioToolbox.framework in Frameworks */ = {isa = PBXBuildFile; fileRef = 939BA88D206A54F5006357EA /* AudioToolbox.framework */; };
/* End PBXBuildFile section */

/* Begin PBXContainerItemProxy section */
		93291088207B81E700C11B01 /* PBXContainerItemProxy */ = {
			isa = PBXContainerItemProxy;
			containerPortal = 93291082207B81E600C11B01 /* cocos2d_libs.xcodeproj */;
			proxyType = 2;
			remoteGlobalIDString = 1551A33F158F2AB200E66CFE;
			remoteInfo = "libcocos2d Mac";
		};
		9329108A207B81E700C11B01 /* PBXContainerItemProxy */ = {
			isa = PBXContainerItemProxy;
			containerPortal = 93291082207B81E600C11B01 /* cocos2d_libs.xcodeproj */;
			proxyType = 2;
			remoteGlobalIDString = A07A4D641783777C0073F6A7;
			remoteInfo = "libcocos2d iOS";
		};
		9329108C207B81E700C11B01 /* PBXContainerItemProxy */ = {
			isa = PBXContainerItemProxy;
			containerPortal = 93291082207B81E600C11B01 /* cocos2d_libs.xcodeproj */;
			proxyType = 2;
			remoteGlobalIDString = 507B40FD1C31BDD30067B53E;
			remoteInfo = "libcocos2d tvOS";
		};
		9329108E207B81F500C11B01 /* PBXContainerItemProxy */ = {
			isa = PBXContainerItemProxy;
			containerPortal = 93291082207B81E600C11B01 /* cocos2d_libs.xcodeproj */;
			proxyType = 1;
			remoteGlobalIDString = A07A4C241783777C0073F6A7;
			remoteInfo = "libcocos2d iOS";
		};
/* End PBXContainerItemProxy section */

/* Begin PBXFileReference section */
		9310CCF1205F4C2C0061E261 /* UIView+Addtions.m */ = {isa = PBXFileReference; fileEncoding = 4; lastKnownFileType = sourcecode.c.objc; path = "UIView+Addtions.m"; sourceTree = "<group>"; };
		9310CCF2205F4C2C0061E261 /* UIView+Addtions.h */ = {isa = PBXFileReference; fileEncoding = 4; lastKnownFileType = sourcecode.c.h; path = "UIView+Addtions.h"; sourceTree = "<group>"; };
		93291082207B81E600C11B01 /* cocos2d_libs.xcodeproj */ = {isa = PBXFileReference; lastKnownFileType = "wrapper.pb-project"; name = cocos2d_libs.xcodeproj; path = "cocos2d-x-3.16/build/cocos2d_libs.xcodeproj"; sourceTree = "<group>"; };
		93291091207B82AD00C11B01 /* OpenAL.framework */ = {isa = PBXFileReference; lastKnownFileType = wrapper.framework; name = OpenAL.framework; path = System/Library/Frameworks/OpenAL.framework; sourceTree = SDKROOT; };
		93291093207B832200C11B01 /* CoreMotion.framework */ = {isa = PBXFileReference; lastKnownFileType = wrapper.framework; name = CoreMotion.framework; path = System/Library/Frameworks/CoreMotion.framework; sourceTree = SDKROOT; };
		93291095207B88AF00C11B01 /* libz.tbd */ = {isa = PBXFileReference; lastKnownFileType = "sourcecode.text-based-dylib-definition"; name = libz.tbd; path = usr/lib/libz.tbd; sourceTree = SDKROOT; };
		93291097207B88D900C11B01 /* libiconv.tbd */ = {isa = PBXFileReference; lastKnownFileType = "sourcecode.text-based-dylib-definition"; name = libiconv.tbd; path = usr/lib/libiconv.tbd; sourceTree = SDKROOT; };
		93560812185DFA7E0020ACDB /* SimpleDemo.app */ = {isa = PBXFileReference; explicitFileType = wrapper.application; includeInIndex = 0; path = SimpleDemo.app; sourceTree = BUILT_PRODUCTS_DIR; };
		93560815185DFA7E0020ACDB /* Foundation.framework */ = {isa = PBXFileReference; lastKnownFileType = wrapper.framework; name = Foundation.framework; path = System/Library/Frameworks/Foundation.framework; sourceTree = SDKROOT; };
		93560817185DFA7E0020ACDB /* CoreGraphics.framework */ = {isa = PBXFileReference; lastKnownFileType = wrapper.framework; name = CoreGraphics.framework; path = System/Library/Frameworks/CoreGraphics.framework; sourceTree = SDKROOT; };
		93560819185DFA7E0020ACDB /* UIKit.framework */ = {isa = PBXFileReference; lastKnownFileType = wrapper.framework; name = UIKit.framework; path = System/Library/Frameworks/UIKit.framework; sourceTree = SDKROOT; };
		9356081D185DFA7E0020ACDB /* SimpleDemo-Info.plist */ = {isa = PBXFileReference; lastKnownFileType = text.plist.xml; path = "SimpleDemo-Info.plist"; sourceTree = "<group>"; };
		9356081F185DFA7E0020ACDB /* en */ = {isa = PBXFileReference; lastKnownFileType = text.plist.strings; name = en; path = en.lproj/InfoPlist.strings; sourceTree = "<group>"; };
		93560821185DFA7E0020ACDB /* main.m */ = {isa = PBXFileReference; lastKnownFileType = sourcecode.c.objc; path = main.m; sourceTree = "<group>"; };
		93560823185DFA7E0020ACDB /* SimpleDemo-Prefix.pch */ = {isa = PBXFileReference; lastKnownFileType = sourcecode.c.h; path = "SimpleDemo-Prefix.pch"; sourceTree = "<group>"; };
		93560824185DFA7E0020ACDB /* AppDelegate.h */ = {isa = PBXFileReference; lastKnownFileType = sourcecode.c.h; path = AppDelegate.h; sourceTree = "<group>"; };
		93560825185DFA7E0020ACDB /* AppDelegate.m */ = {isa = PBXFileReference; lastKnownFileType = sourcecode.c.objc; path = AppDelegate.m; sourceTree = "<group>"; };
		9356082A185DFA7E0020ACDB /* ViewController.h */ = {isa = PBXFileReference; lastKnownFileType = sourcecode.c.h; path = ViewController.h; sourceTree = "<group>"; };
		9356082B185DFA7E0020ACDB /* ViewController.mm */ = {isa = PBXFileReference; lastKnownFileType = sourcecode.cpp.objcpp; path = ViewController.mm; sourceTree = "<group>"; };
		9356082D185DFA7E0020ACDB /* Images.xcassets */ = {isa = PBXFileReference; lastKnownFileType = folder.assetcatalog; path = Images.xcassets; sourceTree = "<group>"; };
		93576B122011ED04003A003C /* Shared.xcconfig */ = {isa = PBXFileReference; lastKnownFileType = text.xcconfig; path = Shared.xcconfig; sourceTree = "<group>"; };
		93576B132011ED12003A003C /* Debug.xcconfig */ = {isa = PBXFileReference; lastKnownFileType = text.xcconfig; path = Debug.xcconfig; sourceTree = "<group>"; };
		93576B142011ED1E003A003C /* Release.xcconfig */ = {isa = PBXFileReference; lastKnownFileType = text.xcconfig; path = Release.xcconfig; sourceTree = "<group>"; };
		939BA881206A54A7006357EA /* AgoraAudioKit.framework */ = {isa = PBXFileReference; lastKnownFileType = wrapper.framework; path = AgoraAudioKit.framework; sourceTree = "<group>"; };
		939BA883206A54C8006357EA /* SystemConfiguration.framework */ = {isa = PBXFileReference; lastKnownFileType = wrapper.framework; name = SystemConfiguration.framework; path = System/Library/Frameworks/SystemConfiguration.framework; sourceTree = SDKROOT; };
		939BA885206A54D0006357EA /* CoreMedia.framework */ = {isa = PBXFileReference; lastKnownFileType = wrapper.framework; name = CoreMedia.framework; path = System/Library/Frameworks/CoreMedia.framework; sourceTree = SDKROOT; };
		939BA887206A54DA006357EA /* libresolv.tbd */ = {isa = PBXFileReference; lastKnownFileType = "sourcecode.text-based-dylib-definition"; name = libresolv.tbd; path = usr/lib/libresolv.tbd; sourceTree = SDKROOT; };
		939BA889206A54E4006357EA /* CoreTelephony.framework */ = {isa = PBXFileReference; lastKnownFileType = wrapper.framework; name = CoreTelephony.framework; path = System/Library/Frameworks/CoreTelephony.framework; sourceTree = SDKROOT; };
		939BA88B206A54EB006357EA /* AVFoundation.framework */ = {isa = PBXFileReference; lastKnownFileType = wrapper.framework; name = AVFoundation.framework; path = System/Library/Frameworks/AVFoundation.framework; sourceTree = SDKROOT; };
		939BA88D206A54F5006357EA /* AudioToolbox.framework */ = {isa = PBXFileReference; lastKnownFileType = wrapper.framework; name = AudioToolbox.framework; path = System/Library/Frameworks/AudioToolbox.framework; sourceTree = SDKROOT; };
/* End PBXFileReference section */

/* Begin PBXFrameworksBuildPhase section */
		9356080F185DFA7E0020ACDB /* Frameworks */ = {
			isa = PBXFrameworksBuildPhase;
			buildActionMask = 2147483647;
			files = (
				93291098207B88D900C11B01 /* libiconv.tbd in Frameworks */,
				93291096207B88AF00C11B01 /* libz.tbd in Frameworks */,
				93291094207B832200C11B01 /* CoreMotion.framework in Frameworks */,
				93291092207B82AD00C11B01 /* OpenAL.framework in Frameworks */,
				93291090207B81FC00C11B01 /* libcocos2d iOS.a in Frameworks */,
				939BA88E206A54F5006357EA /* AudioToolbox.framework in Frameworks */,
				939BA88C206A54EB006357EA /* AVFoundation.framework in Frameworks */,
				939BA88A206A54E4006357EA /* CoreTelephony.framework in Frameworks */,
				939BA888206A54DA006357EA /* libresolv.tbd in Frameworks */,
				939BA886206A54D0006357EA /* CoreMedia.framework in Frameworks */,
				939BA884206A54C8006357EA /* SystemConfiguration.framework in Frameworks */,
				93560818185DFA7E0020ACDB /* CoreGraphics.framework in Frameworks */,
				9356081A185DFA7E0020ACDB /* UIKit.framework in Frameworks */,
				93560816185DFA7E0020ACDB /* Foundation.framework in Frameworks */,
				939BA882206A54A7006357EA /* AgoraAudioKit.framework in Frameworks */,
			);
			runOnlyForDeploymentPostprocessing = 0;
		};
/* End PBXFrameworksBuildPhase section */

/* Begin PBXGroup section */
		9310CCF0205F4C2C0061E261 /* utils */ = {
			isa = PBXGroup;
			children = (
				9310CCF1205F4C2C0061E261 /* UIView+Addtions.m */,
				9310CCF2205F4C2C0061E261 /* UIView+Addtions.h */,
			);
			path = utils;
			sourceTree = "<group>";
		};
		93291083207B81E600C11B01 /* Products */ = {
			isa = PBXGroup;
			children = (
				93291089207B81E700C11B01 /* libcocos2d Mac.a */,
				9329108B207B81E700C11B01 /* libcocos2d iOS.a */,
				9329108D207B81E700C11B01 /* libcocos2d tvOS.a */,
			);
			name = Products;
			sourceTree = "<group>";
		};
		93560809185DFA7E0020ACDB = {
			isa = PBXGroup;
			children = (
				9356081B185DFA7E0020ACDB /* SimpleDemo */,
				93560814185DFA7E0020ACDB /* Frameworks */,
				93560813185DFA7E0020ACDB /* Products */,
				93291082207B81E600C11B01 /* cocos2d_libs.xcodeproj */,
			);
			sourceTree = "<group>";
		};
		93560813185DFA7E0020ACDB /* Products */ = {
			isa = PBXGroup;
			children = (
				93560812185DFA7E0020ACDB /* SimpleDemo.app */,
			);
			name = Products;
			sourceTree = "<group>";
		};
		93560814185DFA7E0020ACDB /* Frameworks */ = {
			isa = PBXGroup;
			children = (
				93291097207B88D900C11B01 /* libiconv.tbd */,
				93291095207B88AF00C11B01 /* libz.tbd */,
				93291093207B832200C11B01 /* CoreMotion.framework */,
				93291091207B82AD00C11B01 /* OpenAL.framework */,
				939BA88D206A54F5006357EA /* AudioToolbox.framework */,
				939BA88B206A54EB006357EA /* AVFoundation.framework */,
				939BA889206A54E4006357EA /* CoreTelephony.framework */,
				939BA887206A54DA006357EA /* libresolv.tbd */,
				939BA885206A54D0006357EA /* CoreMedia.framework */,
				939BA883206A54C8006357EA /* SystemConfiguration.framework */,
				93560815185DFA7E0020ACDB /* Foundation.framework */,
				93560817185DFA7E0020ACDB /* CoreGraphics.framework */,
				93560819185DFA7E0020ACDB /* UIKit.framework */,
			);
			name = Frameworks;
			sourceTree = "<group>";
		};
		9356081B185DFA7E0020ACDB /* SimpleDemo */ = {
			isa = PBXGroup;
			children = (
				939BA880206A54A7006357EA /* frameworks */,
				93576B112011ECF6003A003C /* Configuration */,
				9310CCF0205F4C2C0061E261 /* utils */,
				93560824185DFA7E0020ACDB /* AppDelegate.h */,
				93560825185DFA7E0020ACDB /* AppDelegate.m */,
				9356082A185DFA7E0020ACDB /* ViewController.h */,
				9356082B185DFA7E0020ACDB /* ViewController.mm */,
				9356082D185DFA7E0020ACDB /* Images.xcassets */,
				9356081C185DFA7E0020ACDB /* Supporting Files */,
			);
			path = SimpleDemo;
			sourceTree = "<group>";
		};
		9356081C185DFA7E0020ACDB /* Supporting Files */ = {
			isa = PBXGroup;
			children = (
				9356081D185DFA7E0020ACDB /* SimpleDemo-Info.plist */,
				9356081E185DFA7E0020ACDB /* InfoPlist.strings */,
				93560821185DFA7E0020ACDB /* main.m */,
				93560823185DFA7E0020ACDB /* SimpleDemo-Prefix.pch */,
			);
			name = "Supporting Files";
			sourceTree = "<group>";
		};
		93576B112011ECF6003A003C /* Configuration */ = {
			isa = PBXGroup;
			children = (
				93576B122011ED04003A003C /* Shared.xcconfig */,
				93576B132011ED12003A003C /* Debug.xcconfig */,
				93576B142011ED1E003A003C /* Release.xcconfig */,
			);
			path = Configuration;
			sourceTree = "<group>";
		};
		939BA880206A54A7006357EA /* frameworks */ = {
			isa = PBXGroup;
			children = (
				939BA881206A54A7006357EA /* AgoraAudioKit.framework */,
			);
			path = frameworks;
			sourceTree = "<group>";
		};
/* End PBXGroup section */

/* Begin PBXNativeTarget section */
		93560811185DFA7E0020ACDB /* SimpleDemo */ = {
			isa = PBXNativeTarget;
			buildConfigurationList = 93560844185DFA7F0020ACDB /* Build configuration list for PBXNativeTarget "SimpleDemo" */;
			buildPhases = (
				9356080E185DFA7E0020ACDB /* Sources */,
				9356080F185DFA7E0020ACDB /* Frameworks */,
				93560810185DFA7E0020ACDB /* Resources */,
			);
			buildRules = (
			);
			dependencies = (
				9329108F207B81F500C11B01 /* PBXTargetDependency */,
			);
			name = SimpleDemo;
			productName = SimpleDemo;
			productReference = 93560812185DFA7E0020ACDB /* SimpleDemo.app */;
			productType = "com.apple.product-type.application";
		};
/* End PBXNativeTarget section */

/* Begin PBXProject section */
		9356080A185DFA7E0020ACDB /* Project object */ = {
			isa = PBXProject;
			attributes = {
				LastUpgradeCheck = 0920;
				ORGANIZATIONNAME = wangqianzhou;
				TargetAttributes = {
					93560811185DFA7E0020ACDB = {
						DevelopmentTeam = X3X7VZZ2J6;
					};
				};
			};
			buildConfigurationList = 9356080D185DFA7E0020ACDB /* Build configuration list for PBXProject "SimpleDemo" */;
			compatibilityVersion = "Xcode 3.2";
			developmentRegion = English;
			hasScannedForEncodings = 0;
			knownRegions = (
				en,
				Base,
			);
			mainGroup = 93560809185DFA7E0020ACDB;
			productRefGroup = 93560813185DFA7E0020ACDB /* Products */;
			projectDirPath = "";
			projectReferences = (
				{
					ProductGroup = 93291083207B81E600C11B01 /* Products */;
					ProjectRef = 93291082207B81E600C11B01 /* cocos2d_libs.xcodeproj */;
				},
			);
			projectRoot = "";
			targets = (
				93560811185DFA7E0020ACDB /* SimpleDemo */,
			);
		};
/* End PBXProject section */

/* Begin PBXReferenceProxy section */
		93291089207B81E700C11B01 /* libcocos2d Mac.a */ = {
			isa = PBXReferenceProxy;
			fileType = archive.ar;
			path = "libcocos2d Mac.a";
			remoteRef = 93291088207B81E700C11B01 /* PBXContainerItemProxy */;
			sourceTree = BUILT_PRODUCTS_DIR;
		};
		9329108B207B81E700C11B01 /* libcocos2d iOS.a */ = {
			isa = PBXReferenceProxy;
			fileType = archive.ar;
			path = "libcocos2d iOS.a";
			remoteRef = 9329108A207B81E700C11B01 /* PBXContainerItemProxy */;
			sourceTree = BUILT_PRODUCTS_DIR;
		};
		9329108D207B81E700C11B01 /* libcocos2d tvOS.a */ = {
			isa = PBXReferenceProxy;
			fileType = archive.ar;
			path = "libcocos2d tvOS.a";
			remoteRef = 9329108C207B81E700C11B01 /* PBXContainerItemProxy */;
			sourceTree = BUILT_PRODUCTS_DIR;
		};
/* End PBXReferenceProxy section */

/* Begin PBXResourcesBuildPhase section */
		93560810185DFA7E0020ACDB /* Resources */ = {
			isa = PBXResourcesBuildPhase;
			buildActionMask = 2147483647;
			files = (
				9356082E185DFA7E0020ACDB /* Images.xcassets in Resources */,
				93560820185DFA7E0020ACDB /* InfoPlist.strings in Resources */,
			);
			runOnlyForDeploymentPostprocessing = 0;
		};
/* End PBXResourcesBuildPhase section */

/* Begin PBXSourcesBuildPhase section */
		9356080E185DFA7E0020ACDB /* Sources */ = {
			isa = PBXSourcesBuildPhase;
			buildActionMask = 2147483647;
			files = (
				9356082C185DFA7E0020ACDB /* ViewController.mm in Sources */,
				93560826185DFA7E0020ACDB /* AppDelegate.m in Sources */,
				9310CCF3205F4C2C0061E261 /* UIView+Addtions.m in Sources */,
				93560822185DFA7E0020ACDB /* main.m in Sources */,
			);
			runOnlyForDeploymentPostprocessing = 0;
		};
/* End PBXSourcesBuildPhase section */

/* Begin PBXTargetDependency section */
		9329108F207B81F500C11B01 /* PBXTargetDependency */ = {
			isa = PBXTargetDependency;
			name = "libcocos2d iOS";
			targetProxy = 9329108E207B81F500C11B01 /* PBXContainerItemProxy */;
		};
/* End PBXTargetDependency section */

/* Begin PBXVariantGroup section */
		9356081E185DFA7E0020ACDB /* InfoPlist.strings */ = {
			isa = PBXVariantGroup;
			children = (
				9356081F185DFA7E0020ACDB /* en */,
			);
			name = InfoPlist.strings;
			sourceTree = "<group>";
		};
/* End PBXVariantGroup section */

/* Begin XCBuildConfiguration section */
		93560842185DFA7F0020ACDB /* Debug */ = {
			isa = XCBuildConfiguration;
			buildSettings = {
				ALWAYS_SEARCH_USER_PATHS = NO;
				CLANG_CXX_LANGUAGE_STANDARD = "gnu++0x";
				CLANG_CXX_LIBRARY = "libc++";
				CLANG_ENABLE_MODULES = YES;
				CLANG_ENABLE_OBJC_ARC = YES;
				CLANG_WARN_BLOCK_CAPTURE_AUTORELEASING = YES;
				CLANG_WARN_BOOL_CONVERSION = YES;
				CLANG_WARN_COMMA = YES;
				CLANG_WARN_CONSTANT_CONVERSION = YES;
				CLANG_WARN_DIRECT_OBJC_ISA_USAGE = YES_ERROR;
				CLANG_WARN_EMPTY_BODY = YES;
				CLANG_WARN_ENUM_CONVERSION = YES;
				CLANG_WARN_INFINITE_RECURSION = YES;
				CLANG_WARN_INT_CONVERSION = YES;
				CLANG_WARN_NON_LITERAL_NULL_CONVERSION = YES;
				CLANG_WARN_OBJC_LITERAL_CONVERSION = YES;
				CLANG_WARN_OBJC_ROOT_CLASS = YES_ERROR;
				CLANG_WARN_RANGE_LOOP_ANALYSIS = YES;
				CLANG_WARN_STRICT_PROTOTYPES = YES;
				CLANG_WARN_SUSPICIOUS_MOVE = YES;
				CLANG_WARN_UNREACHABLE_CODE = YES;
				CLANG_WARN__DUPLICATE_METHOD_MATCH = YES;
				"CODE_SIGN_IDENTITY[sdk=iphoneos*]" = "iPhone Developer";
				COPY_PHASE_STRIP = NO;
				ENABLE_STRICT_OBJC_MSGSEND = YES;
				ENABLE_TESTABILITY = YES;
				GCC_C_LANGUAGE_STANDARD = gnu99;
				GCC_DYNAMIC_NO_PIC = NO;
				GCC_NO_COMMON_BLOCKS = YES;
				GCC_OPTIMIZATION_LEVEL = 0;
				GCC_PREPROCESSOR_DEFINITIONS = (
					"DEBUG=1",
					"$(inherited)",
				);
				GCC_SYMBOLS_PRIVATE_EXTERN = NO;
				GCC_WARN_64_TO_32_BIT_CONVERSION = YES;
				GCC_WARN_ABOUT_RETURN_TYPE = YES_ERROR;
				GCC_WARN_UNDECLARED_SELECTOR = YES;
				GCC_WARN_UNINITIALIZED_AUTOS = YES;
				GCC_WARN_UNUSED_FUNCTION = YES;
				GCC_WARN_UNUSED_VARIABLE = YES;
				IPHONEOS_DEPLOYMENT_TARGET = 8.0;
				ONLY_ACTIVE_ARCH = YES;
				SDKROOT = iphoneos;
			};
			name = Debug;
		};
		93560843185DFA7F0020ACDB /* Release */ = {
			isa = XCBuildConfiguration;
			buildSettings = {
				ALWAYS_SEARCH_USER_PATHS = NO;
				CLANG_CXX_LANGUAGE_STANDARD = "gnu++0x";
				CLANG_CXX_LIBRARY = "libc++";
				CLANG_ENABLE_MODULES = YES;
				CLANG_ENABLE_OBJC_ARC = YES;
				CLANG_WARN_BLOCK_CAPTURE_AUTORELEASING = YES;
				CLANG_WARN_BOOL_CONVERSION = YES;
				CLANG_WARN_COMMA = YES;
				CLANG_WARN_CONSTANT_CONVERSION = YES;
				CLANG_WARN_DIRECT_OBJC_ISA_USAGE = YES_ERROR;
				CLANG_WARN_EMPTY_BODY = YES;
				CLANG_WARN_ENUM_CONVERSION = YES;
				CLANG_WARN_INFINITE_RECURSION = YES;
				CLANG_WARN_INT_CONVERSION = YES;
				CLANG_WARN_NON_LITERAL_NULL_CONVERSION = YES;
				CLANG_WARN_OBJC_LITERAL_CONVERSION = YES;
				CLANG_WARN_OBJC_ROOT_CLASS = YES_ERROR;
				CLANG_WARN_RANGE_LOOP_ANALYSIS = YES;
				CLANG_WARN_STRICT_PROTOTYPES = YES;
				CLANG_WARN_SUSPICIOUS_MOVE = YES;
				CLANG_WARN_UNREACHABLE_CODE = YES;
				CLANG_WARN__DUPLICATE_METHOD_MATCH = YES;
				"CODE_SIGN_IDENTITY[sdk=iphoneos*]" = "iPhone Developer";
				COPY_PHASE_STRIP = YES;
				ENABLE_NS_ASSERTIONS = NO;
				ENABLE_STRICT_OBJC_MSGSEND = YES;
				GCC_C_LANGUAGE_STANDARD = gnu99;
				GCC_NO_COMMON_BLOCKS = YES;
				GCC_WARN_64_TO_32_BIT_CONVERSION = YES;
				GCC_WARN_ABOUT_RETURN_TYPE = YES_ERROR;
				GCC_WARN_UNDECLARED_SELECTOR = YES;
				GCC_WARN_UNINITIALIZED_AUTOS = YES;
				GCC_WARN_UNUSED_FUNCTION = YES;
				GCC_WARN_UNUSED_VARIABLE = YES;
				IPHONEOS_DEPLOYMENT_TARGET = 8.0;
				SDKROOT = iphoneos;
				VALIDATE_PRODUCT = YES;
			};
			name = Release;
		};
		93560845185DFA7F0020ACDB /* Debug */ = {
			isa = XCBuildConfiguration;
			baseConfigurationReference = 93576B132011ED12003A003C /* Debug.xcconfig */;
			buildSettings = {
				ASSETCATALOG_COMPILER_APPICON_NAME = AppIcon;
				ASSETCATALOG_COMPILER_LAUNCHIMAGE_NAME = LaunchImage;
				CLANG_CXX_LANGUAGE_STANDARD = "compiler-default";
				CLANG_CXX_LIBRARY = "compiler-default";
				CLANG_WARN_BOOL_CONVERSION = NO;
				CLANG_WARN_CONSTANT_CONVERSION = NO;
				CLANG_WARN_ENUM_CONVERSION = NO;
				CLANG_WARN_INFINITE_RECURSION = NO;
				CLANG_WARN_INT_CONVERSION = NO;
				CLANG_WARN_NON_LITERAL_NULL_CONVERSION = NO;
				CLANG_WARN_UNGUARDED_AVAILABILITY = NO;
				DEVELOPMENT_TEAM = X3X7VZZ2J6;
				ENABLE_BITCODE = NO;
				FRAMEWORK_SEARCH_PATHS = (
					"$(inherited)",
					"$(PROJECT_DIR)/SimpleDemo/frameworks",
				);
				GCC_PRECOMPILE_PREFIX_HEADER = YES;
				GCC_PREFIX_HEADER = "SimpleDemo/SimpleDemo-Prefix.pch";
				GCC_WARN_64_TO_32_BIT_CONVERSION = NO;
				GCC_WARN_MISSING_PARENTHESES = NO;
				GCC_WARN_TYPECHECK_CALLS_TO_PRINTF = NO;
				GCC_WARN_UNINITIALIZED_AUTOS = NO;
				HEADER_SEARCH_PATHS = "$(PROJECT_DIR)/**";
				INFOPLIST_FILE = "SimpleDemo/SimpleDemo-Info.plist";
				PRODUCT_BUNDLE_IDENTIFIER = "com.professor.${PRODUCT_NAME:rfc1034identifier}";
				PRODUCT_NAME = "$(TARGET_NAME)";
				WRAPPER_EXTENSION = app;
			};
			name = Debug;
		};
		93560846185DFA7F0020ACDB /* Release */ = {
			isa = XCBuildConfiguration;
			baseConfigurationReference = 93576B142011ED1E003A003C /* Release.xcconfig */;
			buildSettings = {
				ASSETCATALOG_COMPILER_APPICON_NAME = AppIcon;
				ASSETCATALOG_COMPILER_LAUNCHIMAGE_NAME = LaunchImage;
				CLANG_CXX_LANGUAGE_STANDARD = "compiler-default";
				CLANG_CXX_LIBRARY = "compiler-default";
				CLANG_WARN_BOOL_CONVERSION = NO;
				CLANG_WARN_CONSTANT_CONVERSION = NO;
				CLANG_WARN_ENUM_CONVERSION = NO;
				CLANG_WARN_INFINITE_RECURSION = NO;
				CLANG_WARN_INT_CONVERSION = NO;
				CLANG_WARN_NON_LITERAL_NULL_CONVERSION = NO;
				CLANG_WARN_UNGUARDED_AVAILABILITY = NO;
				DEVELOPMENT_TEAM = X3X7VZZ2J6;
				ENABLE_BITCODE = NO;
				FRAMEWORK_SEARCH_PATHS = (
					"$(inherited)",
					"$(PROJECT_DIR)/SimpleDemo/frameworks",
				);
				GCC_PRECOMPILE_PREFIX_HEADER = YES;
				GCC_PREFIX_HEADER = "SimpleDemo/SimpleDemo-Prefix.pch";
				GCC_WARN_64_TO_32_BIT_CONVERSION = NO;
				GCC_WARN_MISSING_PARENTHESES = NO;
				GCC_WARN_TYPECHECK_CALLS_TO_PRINTF = NO;
				GCC_WARN_UNINITIALIZED_AUTOS = NO;
				HEADER_SEARCH_PATHS = "$(PROJECT_DIR)/**";
				INFOPLIST_FILE = "SimpleDemo/SimpleDemo-Info.plist";
				PRODUCT_BUNDLE_IDENTIFIER = "com.professor.${PRODUCT_NAME:rfc1034identifier}";
				PRODUCT_NAME = "$(TARGET_NAME)";
				WRAPPER_EXTENSION = app;
			};
			name = Release;
		};
/* End XCBuildConfiguration section */

/* Begin XCConfigurationList section */
		9356080D185DFA7E0020ACDB /* Build configuration list for PBXProject "SimpleDemo" */ = {
			isa = XCConfigurationList;
			buildConfigurations = (
				93560842185DFA7F0020ACDB /* Debug */,
				93560843185DFA7F0020ACDB /* Release */,
			);
			defaultConfigurationIsVisible = 0;
			defaultConfigurationName = Release;
		};
		93560844185DFA7F0020ACDB /* Build configuration list for PBXNativeTarget "SimpleDemo" */ = {
			isa = XCConfigurationList;
			buildConfigurations = (
				93560845185DFA7F0020ACDB /* Debug */,
				93560846185DFA7F0020ACDB /* Release */,
			);
			defaultConfigurationIsVisible = 0;
			defaultConfigurationName = Release;
		};
/* End XCConfigurationList section */
	};
	rootObject = 9356080A185DFA7E0020ACDB /* Project object */;
}
